
Microsoft Visual Studio Solution File, Format Version 12.00
# Visual Studio Version 17
VisualStudioVersion = 17.0.31903.59
MinimumVisualStudioVersion = 10.0.40219.1
Project("{FAE04EC0-301F-11D3-BF4B-00C04F79EFBC}") = "src", "src\src.csproj", "{71B12C0C-22B0-4C30-8A32-F73EFE054DC4}"
EndProject
Project("{FAE04EC0-301F-11D3-BF4B-00C04F79EFBC}") = "tests", "tests\tests.csproj", "{9E671A5D-17F1-429B-9AA5-9F444817B952}"
EndProject
Global
	GlobalSection(SolutionConfigurationPlatforms) = preSolution
		Debug|Any CPU = Debug|Any CPU
		Release|Any CPU = Release|Any CPU
	EndGlobalSection
	GlobalSection(SolutionProperties) = preSolution
		HideSolutionNode = FALSE
	EndGlobalSection
	GlobalSection(ProjectConfigurationPlatforms) = postSolution
		{71B12C0C-22B0-4C30-8A32-F73EFE054DC4}.Debug|Any CPU.ActiveCfg = Debug|Any CPU
		{71B12C0C-22B0-4C30-8A32-F73EFE054DC4}.Debug|Any CPU.Build.0 = Debug|Any CPU
		{71B12C0C-22B0-4C30-8A32-F73EFE054DC4}.Release|Any CPU.ActiveCfg = Release|Any CPU
		{71B12C0C-22B0-4C30-8A32-F73EFE054DC4}.Release|Any CPU.Build.0 = Release|Any CPU
		{9E671A5D-17F1-429B-9AA5-9F444817B952}.Debug|Any CPU.ActiveCfg = Debug|Any CPU
		{9E671A5D-17F1-429B-9AA5-9F444817B952}.Debug|Any CPU.Build.0 = Debug|Any CPU
		{9E671A5D-17F1-429B-9AA5-9F444817B952}.Release|Any CPU.ActiveCfg = Release|Any CPU
		{9E671A5D-17F1-429B-9AA5-9F444817B952}.Release|Any CPU.Build.0 = Release|Any CPU
	EndGlobalSection
EndGlobal
